
Microsoft Visual Studio Solution File, Format Version 12.00
# Visual Studio 15
VisualStudioVersion = 15.0.26430.16
MinimumVisualStudioVersion = 10.0.40219.1
Project("{9A19103F-16F7-4668-BE54-9A1E7A4F7556}") = "arthr.IdentityServer", "arthr.IdentityServer\arthr.IdentityServer.csproj", "{D2BF0DD9-418E-4F61-80C4-868EDC7D43C5}"
EndProject
Project("{9A19103F-16F7-4668-BE54-9A1E7A4F7556}") = "arthr.Api", "arthr.Api\arthr.Api.csproj", "{B92E502E-75E2-4F0E-9D9F-ECA872976C10}"
EndProject
Project("{FAE04EC0-301F-11D3-BF4B-00C04F79EFBC}") = "IdentityTest", "IdentityTest\IdentityTest.csproj", "{F9EE422B-9CEA-4BF8-9981-DB2951F1A2F1}"
EndProject
Project("{9A19103F-16F7-4668-BE54-9A1E7A4F7556}") = "arthr.Web", "arthr.Web\arthr.Web.csproj", "{B1005448-EBD0-472A-9C58-85B2CB4167B2}"
EndProject
Project("{9A19103F-16F7-4668-BE54-9A1E7A4F7556}") = "arthr.Data", "arthr.Data\arthr.Data.csproj", "{6CA3B4FA-B70F-4D31-B0A9-175FD90ADF54}"
EndProject
Project("{9A19103F-16F7-4668-BE54-9A1E7A4F7556}") = "arthr.Business", "arthr.Business\arthr.Business.csproj", "{3C0B6A04-B3B1-4703-A0AB-43B3D731C18E}"
EndProject
Project("{9A19103F-16F7-4668-BE54-9A1E7A4F7556}") = "arthr.Utils", "arthr.Utils\arthr.Utils.csproj", "{2E44EF8A-9D23-498D-AE9C-BE87C95F5AEB}"
EndProject
Project("{9A19103F-16F7-4668-BE54-9A1E7A4F7556}") = "arthr.Models", "arthr.Models\arthr.Models.csproj", "{D863F8C8-4267-491B-9EFB-41D673B5D781}"
EndProject
Project("{2150E333-8FDC-42A3-9474-1A3956D46DE8}") = "Binaries", "Binaries", "{A118A96C-AD50-470C-98F9-EB5553C0D948}"
EndProject
Global
	GlobalSection(SolutionConfigurationPlatforms) = preSolution
		Debug|Any CPU = Debug|Any CPU
		Release|Any CPU = Release|Any CPU
	EndGlobalSection
	GlobalSection(ProjectConfigurationPlatforms) = postSolution
		{D2BF0DD9-418E-4F61-80C4-868EDC7D43C5}.Debug|Any CPU.ActiveCfg = Debug|Any CPU
		{D2BF0DD9-418E-4F61-80C4-868EDC7D43C5}.Debug|Any CPU.Build.0 = Debug|Any CPU
		{D2BF0DD9-418E-4F61-80C4-868EDC7D43C5}.Release|Any CPU.ActiveCfg = Release|Any CPU
		{D2BF0DD9-418E-4F61-80C4-868EDC7D43C5}.Release|Any CPU.Build.0 = Release|Any CPU
		{B92E502E-75E2-4F0E-9D9F-ECA872976C10}.Debug|Any CPU.ActiveCfg = Debug|Any CPU
		{B92E502E-75E2-4F0E-9D9F-ECA872976C10}.Debug|Any CPU.Build.0 = Debug|Any CPU
		{B92E502E-75E2-4F0E-9D9F-ECA872976C10}.Release|Any CPU.ActiveCfg = Release|Any CPU
		{B92E502E-75E2-4F0E-9D9F-ECA872976C10}.Release|Any CPU.Build.0 = Release|Any CPU
		{F9EE422B-9CEA-4BF8-9981-DB2951F1A2F1}.Debug|Any CPU.ActiveCfg = Debug|Any CPU
		{F9EE422B-9CEA-4BF8-9981-DB2951F1A2F1}.Debug|Any CPU.Build.0 = Debug|Any CPU
		{F9EE422B-9CEA-4BF8-9981-DB2951F1A2F1}.Release|Any CPU.ActiveCfg = Release|Any CPU
		{F9EE422B-9CEA-4BF8-9981-DB2951F1A2F1}.Release|Any CPU.Build.0 = Release|Any CPU
		{B1005448-EBD0-472A-9C58-85B2CB4167B2}.Debug|Any CPU.ActiveCfg = Debug|Any CPU
		{B1005448-EBD0-472A-9C58-85B2CB4167B2}.Debug|Any CPU.Build.0 = Debug|Any CPU
		{B1005448-EBD0-472A-9C58-85B2CB4167B2}.Release|Any CPU.ActiveCfg = Release|Any CPU
		{B1005448-EBD0-472A-9C58-85B2CB4167B2}.Release|Any CPU.Build.0 = Release|Any CPU
		{6CA3B4FA-B70F-4D31-B0A9-175FD90ADF54}.Debug|Any CPU.ActiveCfg = Debug|Any CPU
		{6CA3B4FA-B70F-4D31-B0A9-175FD90ADF54}.Debug|Any CPU.Build.0 = Debug|Any CPU
		{6CA3B4FA-B70F-4D31-B0A9-175FD90ADF54}.Release|Any CPU.ActiveCfg = Release|Any CPU
		{6CA3B4FA-B70F-4D31-B0A9-175FD90ADF54}.Release|Any CPU.Build.0 = Release|Any CPU
		{3C0B6A04-B3B1-4703-A0AB-43B3D731C18E}.Debug|Any CPU.ActiveCfg = Debug|Any CPU
		{3C0B6A04-B3B1-4703-A0AB-43B3D731C18E}.Debug|Any CPU.Build.0 = Debug|Any CPU
		{3C0B6A04-B3B1-4703-A0AB-43B3D731C18E}.Release|Any CPU.ActiveCfg = Release|Any CPU
		{3C0B6A04-B3B1-4703-A0AB-43B3D731C18E}.Release|Any CPU.Build.0 = Release|Any CPU
		{2E44EF8A-9D23-498D-AE9C-BE87C95F5AEB}.Debug|Any CPU.ActiveCfg = Debug|Any CPU
		{2E44EF8A-9D23-498D-AE9C-BE87C95F5AEB}.Debug|Any CPU.Build.0 = Debug|Any CPU
		{2E44EF8A-9D23-498D-AE9C-BE87C95F5AEB}.Release|Any CPU.ActiveCfg = Release|Any CPU
		{2E44EF8A-9D23-498D-AE9C-BE87C95F5AEB}.Release|Any CPU.Build.0 = Release|Any CPU
		{D863F8C8-4267-491B-9EFB-41D673B5D781}.Debug|Any CPU.ActiveCfg = Debug|Any CPU
		{D863F8C8-4267-491B-9EFB-41D673B5D781}.Debug|Any CPU.Build.0 = Debug|Any CPU
		{D863F8C8-4267-491B-9EFB-41D673B5D781}.Release|Any CPU.ActiveCfg = Release|Any CPU
		{D863F8C8-4267-491B-9EFB-41D673B5D781}.Release|Any CPU.Build.0 = Release|Any CPU
	EndGlobalSection
	GlobalSection(SolutionProperties) = preSolution
		HideSolutionNode = FALSE
	EndGlobalSection
	GlobalSection(NestedProjects) = preSolution
		{6CA3B4FA-B70F-4D31-B0A9-175FD90ADF54} = {A118A96C-AD50-470C-98F9-EB5553C0D948}
		{3C0B6A04-B3B1-4703-A0AB-43B3D731C18E} = {A118A96C-AD50-470C-98F9-EB5553C0D948}
		{2E44EF8A-9D23-498D-AE9C-BE87C95F5AEB} = {A118A96C-AD50-470C-98F9-EB5553C0D948}
		{D863F8C8-4267-491B-9EFB-41D673B5D781} = {A118A96C-AD50-470C-98F9-EB5553C0D948}
	EndGlobalSection
	GlobalSection(ExtensibilityGlobals) = postSolution
		SolutionGuid = {FC8967E9-DF2D-48FB-AFD6-9A9BBC6740BB}
	EndGlobalSection
EndGlobal
